// !$*UTF8*$!
{
	archiveVersion = 1;
	classes = {
	};
	objectVersion = 50;
	objects = {

/* Begin PBXBuildFile section */
		B1396617245720BA003B0CD3 /* AppDelegate.m in Sources */ = {isa = PBXBuildFile; fileRef = B1396616245720BA003B0CD3 /* AppDelegate.m */; };
		B139661A245720BA003B0CD3 /* SceneDelegate.m in Sources */ = {isa = PBXBuildFile; fileRef = B1396619245720BA003B0CD3 /* SceneDelegate.m */; };
		B139661D245720BA003B0CD3 /* ViewController.m in Sources */ = {isa = PBXBuildFile; fileRef = B139661C245720BA003B0CD3 /* ViewController.m */; };
		B1396620245720BA003B0CD3 /* Main.storyboard in Resources */ = {isa = PBXBuildFile; fileRef = B139661E245720BA003B0CD3 /* Main.storyboard */; };
		B1396622245720BB003B0CD3 /* Assets.xcassets in Resources */ = {isa = PBXBuildFile; fileRef = B1396621245720BB003B0CD3 /* Assets.xcassets */; };
		B1396625245720BB003B0CD3 /* LaunchScreen.storyboard in Resources */ = {isa = PBXBuildFile; fileRef = B1396623245720BB003B0CD3 /* LaunchScreen.storyboard */; };
		B1396628245720BB003B0CD3 /* main.m in Sources */ = {isa = PBXBuildFile; fileRef = B1396627245720BB003B0CD3 /* main.m */; };
		B139663024572210003B0CD3 /* UIControl+Hook.m in Sources */ = {isa = PBXBuildFile; fileRef = B139662F24572210003B0CD3 /* UIControl+Hook.m */; };
		B1396633245723B1003B0CD3 /* NSMutableArray+Hook.m in Sources */ = {isa = PBXBuildFile; fileRef = B1396632245723B1003B0CD3 /* NSMutableArray+Hook.m */; };
		B139663624572764003B0CD3 /* NSMutableDictionary+Hook.m in Sources */ = {isa = PBXBuildFile; fileRef = B139663524572764003B0CD3 /* NSMutableDictionary+Hook.m */; };
/* End PBXBuildFile section */

/* Begin PBXFileReference section */
		B1396612245720BA003B0CD3 /* MethodExchange.app */ = {isa = PBXFileReference; explicitFileType = wrapper.application; includeInIndex = 0; path = MethodExchange.app; sourceTree = BUILT_PRODUCTS_DIR; };
		B1396615245720BA003B0CD3 /* AppDelegate.h */ = {isa = PBXFileReference; lastKnownFileType = sourcecode.c.h; path = AppDelegate.h; sourceTree = "<group>"; };
		B1396616245720BA003B0CD3 /* AppDelegate.m */ = {isa = PBXFileReference; lastKnownFileType = sourcecode.c.objc; path = AppDelegate.m; sourceTree = "<group>"; };
		B1396618245720BA003B0CD3 /* SceneDelegate.h */ = {isa = PBXFileReference; lastKnownFileType = sourcecode.c.h; path = SceneDelegate.h; sourceTree = "<group>"; };
		B1396619245720BA003B0CD3 /* SceneDelegate.m */ = {isa = PBXFileReference; lastKnownFileType = sourcecode.c.objc; path = SceneDelegate.m; sourceTree = "<group>"; };
		B139661B245720BA003B0CD3 /* ViewController.h */ = {isa = PBXFileReference; lastKnownFileType = sourcecode.c.h; path = ViewController.h; sourceTree = "<group>"; };
		B139661C245720BA003B0CD3 /* ViewController.m */ = {isa = PBXFileReference; lastKnownFileType = sourcecode.c.objc; path = ViewController.m; sourceTree = "<group>"; };
		B139661F245720BA003B0CD3 /* Base */ = {isa = PBXFileReference; lastKnownFileType = file.storyboard; name = Base; path = Base.lproj/Main.storyboard; sourceTree = "<group>"; };
		B1396621245720BB003B0CD3 /* Assets.xcassets */ = {isa = PBXFileReference; lastKnownFileType = folder.assetcatalog; path = Assets.xcassets; sourceTree = "<group>"; };
		B1396624245720BB003B0CD3 /* Base */ = {isa = PBXFileReference; lastKnownFileType = file.storyboard; name = Base; path = Base.lproj/LaunchScreen.storyboard; sourceTree = "<group>"; };
		B1396626245720BB003B0CD3 /* Info.plist */ = {isa = PBXFileReference; lastKnownFileType = text.plist.xml; path = Info.plist; sourceTree = "<group>"; };
		B1396627245720BB003B0CD3 /* main.m */ = {isa = PBXFileReference; lastKnownFileType = sourcecode.c.objc; path = main.m; sourceTree = "<group>"; };
		B139662E24572210003B0CD3 /* UIControl+Hook.h */ = {isa = PBXFileReference; lastKnownFileType = sourcecode.c.h; path = "UIControl+Hook.h"; sourceTree = "<group>"; };
		B139662F24572210003B0CD3 /* UIControl+Hook.m */ = {isa = PBXFileReference; lastKnownFileType = sourcecode.c.objc; path = "UIControl+Hook.m"; sourceTree = "<group>"; };
		B1396631245723B1003B0CD3 /* NSMutableArray+Hook.h */ = {isa = PBXFileReference; lastKnownFileType = sourcecode.c.h; path = "NSMutableArray+Hook.h"; sourceTree = "<group>"; };
		B1396632245723B1003B0CD3 /* NSMutableArray+Hook.m */ = {isa = PBXFileReference; lastKnownFileType = sourcecode.c.objc; path = "NSMutableArray+Hook.m"; sourceTree = "<group>"; };
		B139663424572764003B0CD3 /* NSMutableDictionary+Hook.h */ = {isa = PBXFileReference; lastKnownFileType = sourcecode.c.h; path = "NSMutableDictionary+Hook.h"; sourceTree = "<group>"; };
		B139663524572764003B0CD3 /* NSMutableDictionary+Hook.m */ = {isa = PBXFileReference; lastKnownFileType = sourcecode.c.objc; path = "NSMutableDictionary+Hook.m"; sourceTree = "<group>"; };
/* End PBXFileReference section */

/* Begin PBXFrameworksBuildPhase section */
		B139660F245720BA003B0CD3 /* Frameworks */ = {
			isa = PBXFrameworksBuildPhase;
			buildActionMask = 2147483647;
			files = (
			);
			runOnlyForDeploymentPostprocessing = 0;
		};
/* End PBXFrameworksBuildPhase section */

/* Begin PBXGroup section */
		B1396609245720BA003B0CD3 = {
			isa = PBXGroup;
			children = (
				B1396614245720BA003B0CD3 /* MethodExchange */,
				B1396613245720BA003B0CD3 /* Products */,
			);
			sourceTree = "<group>";
		};
		B1396613245720BA003B0CD3 /* Products */ = {
			isa = PBXGroup;
			children = (
				B1396612245720BA003B0CD3 /* MethodExchange.app */,
			);
			name = Products;
			sourceTree = "<group>";
		};
		B1396614245720BA003B0CD3 /* MethodExchange */ = {
			isa = PBXGroup;
			children = (
				B1396615245720BA003B0CD3 /* AppDelegate.h */,
				B1396616245720BA003B0CD3 /* AppDelegate.m */,
				B1396618245720BA003B0CD3 /* SceneDelegate.h */,
				B1396619245720BA003B0CD3 /* SceneDelegate.m */,
				B139661B245720BA003B0CD3 /* ViewController.h */,
				B139661C245720BA003B0CD3 /* ViewController.m */,
				B139662E24572210003B0CD3 /* UIControl+Hook.h */,
				B139662F24572210003B0CD3 /* UIControl+Hook.m */,
				B1396631245723B1003B0CD3 /* NSMutableArray+Hook.h */,
				B1396632245723B1003B0CD3 /* NSMutableArray+Hook.m */,
				B139663424572764003B0CD3 /* NSMutableDictionary+Hook.h */,
				B139663524572764003B0CD3 /* NSMutableDictionary+Hook.m */,
				B139661E245720BA003B0CD3 /* Main.storyboard */,
				B1396621245720BB003B0CD3 /* Assets.xcassets */,
				B1396623245720BB003B0CD3 /* LaunchScreen.storyboard */,
				B1396626245720BB003B0CD3 /* Info.plist */,
				B1396627245720BB003B0CD3 /* main.m */,
			);
			path = MethodExchange;
			sourceTree = "<group>";
		};
/* End PBXGroup section */

/* Begin PBXNativeTarget section */
		B1396611245720BA003B0CD3 /* MethodExchange */ = {
			isa = PBXNativeTarget;
			buildConfigurationList = B139662B245720BB003B0CD3 /* Build configuration list for PBXNativeTarget "MethodExchange" */;
			buildPhases = (
				B139660E245720BA003B0CD3 /* Sources */,
				B139660F245720BA003B0CD3 /* Frameworks */,
				B1396610245720BA003B0CD3 /* Resources */,
			);
			buildRules = (
			);
			dependencies = (
			);
			name = MethodExchange;
			productName = MethodExchange;
			productReference = B1396612245720BA003B0CD3 /* MethodExchange.app */;
			productType = "com.apple.product-type.application";
		};
/* End PBXNativeTarget section */

/* Begin PBXProject section */
		B139660A245720BA003B0CD3 /* Project object */ = {
			isa = PBXProject;
			attributes = {
				LastUpgradeCheck = 1140;
				ORGANIZATIONNAME = SandsLee;
				TargetAttributes = {
					B1396611245720BA003B0CD3 = {
						CreatedOnToolsVersion = 11.4;
					};
				};
			};
			buildConfigurationList = B139660D245720BA003B0CD3 /* Build configuration list for PBXProject "MethodExchange" */;
			compatibilityVersion = "Xcode 9.3";
			developmentRegion = en;
			hasScannedForEncodings = 0;
			knownRegions = (
				en,
				Base,
			);
			mainGroup = B1396609245720BA003B0CD3;
			productRefGroup = B1396613245720BA003B0CD3 /* Products */;
			projectDirPath = "";
			projectRoot = "";
			targets = (
				B1396611245720BA003B0CD3 /* MethodExchange */,
			);
		};
/* End PBXProject section */

/* Begin PBXResourcesBuildPhase section */
		B1396610245720BA003B0CD3 /* Resources */ = {
			isa = PBXResourcesBuildPhase;
			buildActionMask = 2147483647;
			files = (
				B1396625245720BB003B0CD3 /* LaunchScreen.storyboard in Resources */,
				B1396622245720BB003B0CD3 /* Assets.xcassets in Resources */,
				B1396620245720BA003B0CD3 /* Main.storyboard in Resources */,
			);
			runOnlyForDeploymentPostprocessing = 0;
		};
/* End PBXResourcesBuildPhase section */

/* Begin PBXSourcesBuildPhase section */
		B139660E245720BA003B0CD3 /* Sources */ = {
			isa = PBXSourcesBuildPhase;
			buildActionMask = 2147483647;
			files = (
				B139661D245720BA003B0CD3 /* ViewController.m in Sources */,
				B1396617245720BA003B0CD3 /* AppDelegate.m in Sources */,
				B1396633245723B1003B0CD3 /* NSMutableArray+Hook.m in Sources */,
				B139663624572764003B0CD3 /* NSMutableDictionary+Hook.m in Sources */,
				B1396628245720BB003B0CD3 /* main.m in Sources */,
				B139663024572210003B0CD3 /* UIControl+Hook.m in Sources */,
				B139661A245720BA003B0CD3 /* SceneDelegate.m in Sources */,
			);
			runOnlyForDeploymentPostprocessing = 0;
		};
/* End PBXSourcesBuildPhase section */

/* Begin PBXVariantGroup section */
		B139661E245720BA003B0CD3 /* Main.storyboard */ = {
			isa = PBXVariantGroup;
			children = (
				B139661F245720BA003B0CD3 /* Base */,
			);
			name = Main.storyboard;
			sourceTree = "<group>";
		};
		B1396623245720BB003B0CD3 /* LaunchScreen.storyboard */ = {
			isa = PBXVariantGroup;
			children = (
				B1396624245720BB003B0CD3 /* Base */,
			);
			name = LaunchScreen.storyboard;
			sourceTree = "<group>";
		};
/* End PBXVariantGroup section */

/* Begin XCBuildConfiguration section */
		B1396629245720BB003B0CD3 /* Debug */ = {
			isa = XCBuildConfiguration;
			buildSettings = {
				ALWAYS_SEARCH_USER_PATHS = NO;
				CLANG_ANALYZER_NONNULL = YES;
				CLANG_ANALYZER_NUMBER_OBJECT_CONVERSION = YES_AGGRESSIVE;
				CLANG_CXX_LANGUAGE_STANDARD = "gnu++14";
				CLANG_CXX_LIBRARY = "libc++";
				CLANG_ENABLE_MODULES = YES;
				CLANG_ENABLE_OBJC_ARC = YES;
				CLANG_ENABLE_OBJC_WEAK = YES;
				CLANG_WARN_BLOCK_CAPTURE_AUTORELEASING = YES;
				CLANG_WARN_BOOL_CONVERSION = YES;
				CLANG_WARN_COMMA = YES;
				CLANG_WARN_CONSTANT_CONVERSION = YES;
				CLANG_WARN_DEPRECATED_OBJC_IMPLEMENTATIONS = YES;
				CLANG_WARN_DIRECT_OBJC_ISA_USAGE = YES_ERROR;
				CLANG_WARN_DOCUMENTATION_COMMENTS = YES;
				CLANG_WARN_EMPTY_BODY = YES;
				CLANG_WARN_ENUM_CONVERSION = YES;
				CLANG_WARN_INFINITE_RECURSION = YES;
				CLANG_WARN_INT_CONVERSION = YES;
				CLANG_WARN_NON_LITERAL_NULL_CONVERSION = YES;
				CLANG_WARN_OBJC_IMPLICIT_RETAIN_SELF = YES;
				CLANG_WARN_OBJC_LITERAL_CONVERSION = YES;
				CLANG_WARN_OBJC_ROOT_CLASS = YES_ERROR;
				CLANG_WARN_RANGE_LOOP_ANALYSIS = YES;
				CLANG_WARN_STRICT_PROTOTYPES = YES;
				CLANG_WARN_SUSPICIOUS_MOVE = YES;
				CLANG_WARN_UNGUARDED_AVAILABILITY = YES_AGGRESSIVE;
				CLANG_WARN_UNREACHABLE_CODE = YES;
				CLANG_WARN__DUPLICATE_METHOD_MATCH = YES;
				COPY_PHASE_STRIP = NO;
				DEBUG_INFORMATION_FORMAT = dwarf;
				ENABLE_STRICT_OBJC_MSGSEND = YES;
				ENABLE_TESTABILITY = YES;
				GCC_C_LANGUAGE_STANDARD = gnu11;
				GCC_DYNAMIC_NO_PIC = NO;
				GCC_NO_COMMON_BLOCKS = YES;
				GCC_OPTIMIZATION_LEVEL = 0;
				GCC_PREPROCESSOR_DEFINITIONS = (
					"DEBUG=1",
					"$(inherited)",
				);
				GCC_WARN_64_TO_32_BIT_CONVERSION = YES;
				GCC_WARN_ABOUT_RETURN_TYPE = YES_ERROR;
				GCC_WARN_UNDECLARED_SELECTOR = YES;
				GCC_WARN_UNINITIALIZED_AUTOS = YES_AGGRESSIVE;
				GCC_WARN_UNUSED_FUNCTION = YES;
				GCC_WARN_UNUSED_VARIABLE = YES;
				IPHONEOS_DEPLOYMENT_TARGET = 13.4;
				MTL_ENABLE_DEBUG_INFO = INCLUDE_SOURCE;
				MTL_FAST_MATH = YES;
				ONLY_ACTIVE_ARCH = YES;
				SDKROOT = iphoneos;
			};
			name = Debug;
		};
		B139662A245720BB003B0CD3 /* Release */ = {
			isa = XCBuildConfiguration;
			buildSettings = {
				ALWAYS_SEARCH_USER_PATHS = NO;
				CLANG_ANALYZER_NONNULL = YES;
				CLANG_ANALYZER_NUMBER_OBJECT_CONVERSION = YES_AGGRESSIVE;
				CLANG_CXX_LANGUAGE_STANDARD = "gnu++14";
				CLANG_CXX_LIBRARY = "libc++";
				CLANG_ENABLE_MODULES = YES;
				CLANG_ENABLE_OBJC_ARC = YES;
				CLANG_ENABLE_OBJC_WEAK = YES;
				CLANG_WARN_BLOCK_CAPTURE_AUTORELEASING = YES;
				CLANG_WARN_BOOL_CONVERSION = YES;
				CLANG_WARN_COMMA = YES;
				CLANG_WARN_CONSTANT_CONVERSION = YES;
				CLANG_WARN_DEPRECATED_OBJC_IMPLEMENTATIONS = YES;
				CLANG_WARN_DIRECT_OBJC_ISA_USAGE = YES_ERROR;
				CLANG_WARN_DOCUMENTATION_COMMENTS = YES;
				CLANG_WARN_EMPTY_BODY = YES;
				CLANG_WARN_ENUM_CONVERSION = YES;
				CLANG_WARN_INFINITE_RECURSION = YES;
				CLANG_WARN_INT_CONVERSION = YES;
				CLANG_WARN_NON_LITERAL_NULL_CONVERSION = YES;
				CLANG_WARN_OBJC_IMPLICIT_RETAIN_SELF = YES;
				CLANG_WARN_OBJC_LITERAL_CONVERSION = YES;
				CLANG_WARN_OBJC_ROOT_CLASS = YES_ERROR;
				CLANG_WARN_RANGE_LOOP_ANALYSIS = YES;
				CLANG_WARN_STRICT_PROTOTYPES = YES;
				CLANG_WARN_SUSPICIOUS_MOVE = YES;
				CLANG_WARN_UNGUARDED_AVAILABILITY = YES_AGGRESSIVE;
				CLANG_WARN_UNREACHABLE_CODE = YES;
				CLANG_WARN__DUPLICATE_METHOD_MATCH = YES;
				COPY_PHASE_STRIP = NO;
				DEBUG_INFORMATION_FORMAT = "dwarf-with-dsym";
				ENABLE_NS_ASSERTIONS = NO;
				ENABLE_STRICT_OBJC_MSGSEND = YES;
				GCC_C_LANGUAGE_STANDARD = gnu11;
				GCC_NO_COMMON_BLOCKS = YES;
				GCC_WARN_64_TO_32_BIT_CONVERSION = YES;
				GCC_WARN_ABOUT_RETURN_TYPE = YES_ERROR;
				GCC_WARN_UNDECLARED_SELECTOR = YES;
				GCC_WARN_UNINITIALIZED_AUTOS = YES_AGGRESSIVE;
				GCC_WARN_UNUSED_FUNCTION = YES;
				GCC_WARN_UNUSED_VARIABLE = YES;
				IPHONEOS_DEPLOYMENT_TARGET = 13.4;
				MTL_ENABLE_DEBUG_INFO = NO;
				MTL_FAST_MATH = YES;
				SDKROOT = iphoneos;
				VALIDATE_PRODUCT = YES;
			};
			name = Release;
		};
		B139662C245720BB003B0CD3 /* Debug */ = {
			isa = XCBuildConfiguration;
			buildSettings = {
				ASSETCATALOG_COMPILER_APPICON_NAME = AppIcon;
				CODE_SIGN_STYLE = Automatic;
				DEVELOPMENT_TEAM = LW5266U92D;
				INFOPLIST_FILE = MethodExchange/Info.plist;
				LD_RUNPATH_SEARCH_PATHS = (
					"$(inherited)",
					"@executable_path/Frameworks",
				);
				PRODUCT_BUNDLE_IDENTIFIER = com.mob.MethodExchange;
				PRODUCT_NAME = "$(TARGET_NAME)";
				TARGETED_DEVICE_FAMILY = "1,2";
			};
			name = Debug;
		};
		B139662D245720BB003B0CD3 /* Release */ = {
			isa = XCBuildConfiguration;
			buildSettings = {
				ASSETCATALOG_COMPILER_APPICON_NAME = AppIcon;
				CODE_SIGN_STYLE = Automatic;
				DEVELOPMENT_TEAM = LW5266U92D;
				INFOPLIST_FILE = MethodExchange/Info.plist;
				LD_RUNPATH_SEARCH_PATHS = (
					"$(inherited)",
					"@executable_path/Frameworks",
				);
				PRODUCT_BUNDLE_IDENTIFIER = com.mob.MethodExchange;
				PRODUCT_NAME = "$(TARGET_NAME)";
				TARGETED_DEVICE_FAMILY = "1,2";
			};
			name = Release;
		};
/* End XCBuildConfiguration section */

/* Begin XCConfigurationList section */
		B139660D245720BA003B0CD3 /* Build configuration list for PBXProject "MethodExchange" */ = {
			isa = XCConfigurationList;
			buildConfigurations = (
				B1396629245720BB003B0CD3 /* Debug */,
				B139662A245720BB003B0CD3 /* Release */,
			);
			defaultConfigurationIsVisible = 0;
			defaultConfigurationName = Release;
		};
		B139662B245720BB003B0CD3 /* Build configuration list for PBXNativeTarget "MethodExchange" */ = {
			isa = XCConfigurationList;
			buildConfigurations = (
				B139662C245720BB003B0CD3 /* Debug */,
				B139662D245720BB003B0CD3 /* Release */,
			);
			defaultConfigurationIsVisible = 0;
			defaultConfigurationName = Release;
		};
/* End XCConfigurationList section */
	};
	rootObject = B139660A245720BA003B0CD3 /* Project object */;
}
