// !$*UTF8*$!
{
	archiveVersion = 1;
	classes = {
	};
	objectVersion = 50;
	objects = {

/* Begin PBXBuildFile section */
		B11AD95724587FDE004692FC /* AppDelegate.m in Sources */ = {isa = PBXBuildFile; fileRef = B11AD95624587FDE004692FC /* AppDelegate.m */; };
		B11AD95A24587FDE004692FC /* SceneDelegate.m in Sources */ = {isa = PBXBuildFile; fileRef = B11AD95924587FDE004692FC /* SceneDelegate.m */; };
		B11AD95D24587FDE004692FC /* ViewController.m in Sources */ = {isa = PBXBuildFile; fileRef = B11AD95C24587FDE004692FC /* ViewController.m */; };
		B11AD96024587FDE004692FC /* Main.storyboard in Resources */ = {isa = PBXBuildFile; fileRef = B11AD95E24587FDE004692FC /* Main.storyboard */; };
		B11AD96224587FDF004692FC /* Assets.xcassets in Resources */ = {isa = PBXBuildFile; fileRef = B11AD96124587FDF004692FC /* Assets.xcassets */; };
		B11AD96524587FDF004692FC /* LaunchScreen.storyboard in Resources */ = {isa = PBXBuildFile; fileRef = B11AD96324587FDF004692FC /* LaunchScreen.storyboard */; };
		B11AD96824587FDF004692FC /* main.m in Sources */ = {isa = PBXBuildFile; fileRef = B11AD96724587FDF004692FC /* main.m */; };
		B11AD970245886DD004692FC /* SZThread.m in Sources */ = {isa = PBXBuildFile; fileRef = B11AD96F245886DD004692FC /* SZThread.m */; };
/* End PBXBuildFile section */

/* Begin PBXFileReference section */
		B11AD95224587FDE004692FC /* RunLoop-线程保活.app */ = {isa = PBXFileReference; explicitFileType = wrapper.application; includeInIndex = 0; path = "RunLoop-线程保活.app"; sourceTree = BUILT_PRODUCTS_DIR; };
		B11AD95524587FDE004692FC /* AppDelegate.h */ = {isa = PBXFileReference; lastKnownFileType = sourcecode.c.h; path = AppDelegate.h; sourceTree = "<group>"; };
		B11AD95624587FDE004692FC /* AppDelegate.m */ = {isa = PBXFileReference; lastKnownFileType = sourcecode.c.objc; path = AppDelegate.m; sourceTree = "<group>"; };
		B11AD95824587FDE004692FC /* SceneDelegate.h */ = {isa = PBXFileReference; lastKnownFileType = sourcecode.c.h; path = SceneDelegate.h; sourceTree = "<group>"; };
		B11AD95924587FDE004692FC /* SceneDelegate.m */ = {isa = PBXFileReference; lastKnownFileType = sourcecode.c.objc; path = SceneDelegate.m; sourceTree = "<group>"; };
		B11AD95B24587FDE004692FC /* ViewController.h */ = {isa = PBXFileReference; lastKnownFileType = sourcecode.c.h; path = ViewController.h; sourceTree = "<group>"; };
		B11AD95C24587FDE004692FC /* ViewController.m */ = {isa = PBXFileReference; lastKnownFileType = sourcecode.c.objc; path = ViewController.m; sourceTree = "<group>"; };
		B11AD95F24587FDE004692FC /* Base */ = {isa = PBXFileReference; lastKnownFileType = file.storyboard; name = Base; path = Base.lproj/Main.storyboard; sourceTree = "<group>"; };
		B11AD96124587FDF004692FC /* Assets.xcassets */ = {isa = PBXFileReference; lastKnownFileType = folder.assetcatalog; path = Assets.xcassets; sourceTree = "<group>"; };
		B11AD96424587FDF004692FC /* Base */ = {isa = PBXFileReference; lastKnownFileType = file.storyboard; name = Base; path = Base.lproj/LaunchScreen.storyboard; sourceTree = "<group>"; };
		B11AD96624587FDF004692FC /* Info.plist */ = {isa = PBXFileReference; lastKnownFileType = text.plist.xml; path = Info.plist; sourceTree = "<group>"; };
		B11AD96724587FDF004692FC /* main.m */ = {isa = PBXFileReference; lastKnownFileType = sourcecode.c.objc; path = main.m; sourceTree = "<group>"; };
		B11AD96E245886DD004692FC /* SZThread.h */ = {isa = PBXFileReference; lastKnownFileType = sourcecode.c.h; path = SZThread.h; sourceTree = "<group>"; };
		B11AD96F245886DD004692FC /* SZThread.m */ = {isa = PBXFileReference; lastKnownFileType = sourcecode.c.objc; path = SZThread.m; sourceTree = "<group>"; };
/* End PBXFileReference section */

/* Begin PBXFrameworksBuildPhase section */
		B11AD94F24587FDE004692FC /* Frameworks */ = {
			isa = PBXFrameworksBuildPhase;
			buildActionMask = 2147483647;
			files = (
			);
			runOnlyForDeploymentPostprocessing = 0;
		};
/* End PBXFrameworksBuildPhase section */

/* Begin PBXGroup section */
		B11AD94924587FDE004692FC = {
			isa = PBXGroup;
			children = (
				B11AD95424587FDE004692FC /* RunLoop-线程保活 */,
				B11AD95324587FDE004692FC /* Products */,
			);
			sourceTree = "<group>";
		};
		B11AD95324587FDE004692FC /* Products */ = {
			isa = PBXGroup;
			children = (
				B11AD95224587FDE004692FC /* RunLoop-线程保活.app */,
			);
			name = Products;
			sourceTree = "<group>";
		};
		B11AD95424587FDE004692FC /* RunLoop-线程保活 */ = {
			isa = PBXGroup;
			children = (
				B11AD95524587FDE004692FC /* AppDelegate.h */,
				B11AD95624587FDE004692FC /* AppDelegate.m */,
				B11AD95824587FDE004692FC /* SceneDelegate.h */,
				B11AD95924587FDE004692FC /* SceneDelegate.m */,
				B11AD95B24587FDE004692FC /* ViewController.h */,
				B11AD95C24587FDE004692FC /* ViewController.m */,
				B11AD96E245886DD004692FC /* SZThread.h */,
				B11AD96F245886DD004692FC /* SZThread.m */,
				B11AD95E24587FDE004692FC /* Main.storyboard */,
				B11AD96124587FDF004692FC /* Assets.xcassets */,
				B11AD96324587FDF004692FC /* LaunchScreen.storyboard */,
				B11AD96624587FDF004692FC /* Info.plist */,
				B11AD96724587FDF004692FC /* main.m */,
			);
			path = "RunLoop-线程保活";
			sourceTree = "<group>";
		};
/* End PBXGroup section */

/* Begin PBXNativeTarget section */
		B11AD95124587FDE004692FC /* RunLoop-线程保活 */ = {
			isa = PBXNativeTarget;
			buildConfigurationList = B11AD96B24587FDF004692FC /* Build configuration list for PBXNativeTarget "RunLoop-线程保活" */;
			buildPhases = (
				B11AD94E24587FDE004692FC /* Sources */,
				B11AD94F24587FDE004692FC /* Frameworks */,
				B11AD95024587FDE004692FC /* Resources */,
			);
			buildRules = (
			);
			dependencies = (
			);
			name = "RunLoop-线程保活";
			productName = "RunLoop-线程保活";
			productReference = B11AD95224587FDE004692FC /* RunLoop-线程保活.app */;
			productType = "com.apple.product-type.application";
		};
/* End PBXNativeTarget section */

/* Begin PBXProject section */
		B11AD94A24587FDE004692FC /* Project object */ = {
			isa = PBXProject;
			attributes = {
				LastUpgradeCheck = 1140;
				ORGANIZATIONNAME = SandsLee;
				TargetAttributes = {
					B11AD95124587FDE004692FC = {
						CreatedOnToolsVersion = 11.4;
					};
				};
			};
			buildConfigurationList = B11AD94D24587FDE004692FC /* Build configuration list for PBXProject "RunLoop-线程保活" */;
			compatibilityVersion = "Xcode 9.3";
			developmentRegion = en;
			hasScannedForEncodings = 0;
			knownRegions = (
				en,
				Base,
			);
			mainGroup = B11AD94924587FDE004692FC;
			productRefGroup = B11AD95324587FDE004692FC /* Products */;
			projectDirPath = "";
			projectRoot = "";
			targets = (
				B11AD95124587FDE004692FC /* RunLoop-线程保活 */,
			);
		};
/* End PBXProject section */

/* Begin PBXResourcesBuildPhase section */
		B11AD95024587FDE004692FC /* Resources */ = {
			isa = PBXResourcesBuildPhase;
			buildActionMask = 2147483647;
			files = (
				B11AD96524587FDF004692FC /* LaunchScreen.storyboard in Resources */,
				B11AD96224587FDF004692FC /* Assets.xcassets in Resources */,
				B11AD96024587FDE004692FC /* Main.storyboard in Resources */,
			);
			runOnlyForDeploymentPostprocessing = 0;
		};
/* End PBXResourcesBuildPhase section */

/* Begin PBXSourcesBuildPhase section */
		B11AD94E24587FDE004692FC /* Sources */ = {
			isa = PBXSourcesBuildPhase;
			buildActionMask = 2147483647;
			files = (
				B11AD95D24587FDE004692FC /* ViewController.m in Sources */,
				B11AD95724587FDE004692FC /* AppDelegate.m in Sources */,
				B11AD96824587FDF004692FC /* main.m in Sources */,
				B11AD95A24587FDE004692FC /* SceneDelegate.m in Sources */,
				B11AD970245886DD004692FC /* SZThread.m in Sources */,
			);
			runOnlyForDeploymentPostprocessing = 0;
		};
/* End PBXSourcesBuildPhase section */

/* Begin PBXVariantGroup section */
		B11AD95E24587FDE004692FC /* Main.storyboard */ = {
			isa = PBXVariantGroup;
			children = (
				B11AD95F24587FDE004692FC /* Base */,
			);
			name = Main.storyboard;
			sourceTree = "<group>";
		};
		B11AD96324587FDF004692FC /* LaunchScreen.storyboard */ = {
			isa = PBXVariantGroup;
			children = (
				B11AD96424587FDF004692FC /* Base */,
			);
			name = LaunchScreen.storyboard;
			sourceTree = "<group>";
		};
/* End PBXVariantGroup section */

/* Begin XCBuildConfiguration section */
		B11AD96924587FDF004692FC /* Debug */ = {
			isa = XCBuildConfiguration;
			buildSettings = {
				ALWAYS_SEARCH_USER_PATHS = NO;
				CLANG_ANALYZER_NONNULL = YES;
				CLANG_ANALYZER_NUMBER_OBJECT_CONVERSION = YES_AGGRESSIVE;
				CLANG_CXX_LANGUAGE_STANDARD = "gnu++14";
				CLANG_CXX_LIBRARY = "libc++";
				CLANG_ENABLE_MODULES = YES;
				CLANG_ENABLE_OBJC_ARC = YES;
				CLANG_ENABLE_OBJC_WEAK = YES;
				CLANG_WARN_BLOCK_CAPTURE_AUTORELEASING = YES;
				CLANG_WARN_BOOL_CONVERSION = YES;
				CLANG_WARN_COMMA = YES;
				CLANG_WARN_CONSTANT_CONVERSION = YES;
				CLANG_WARN_DEPRECATED_OBJC_IMPLEMENTATIONS = YES;
				CLANG_WARN_DIRECT_OBJC_ISA_USAGE = YES_ERROR;
				CLANG_WARN_DOCUMENTATION_COMMENTS = YES;
				CLANG_WARN_EMPTY_BODY = YES;
				CLANG_WARN_ENUM_CONVERSION = YES;
				CLANG_WARN_INFINITE_RECURSION = YES;
				CLANG_WARN_INT_CONVERSION = YES;
				CLANG_WARN_NON_LITERAL_NULL_CONVERSION = YES;
				CLANG_WARN_OBJC_IMPLICIT_RETAIN_SELF = YES;
				CLANG_WARN_OBJC_LITERAL_CONVERSION = YES;
				CLANG_WARN_OBJC_ROOT_CLASS = YES_ERROR;
				CLANG_WARN_RANGE_LOOP_ANALYSIS = YES;
				CLANG_WARN_STRICT_PROTOTYPES = YES;
				CLANG_WARN_SUSPICIOUS_MOVE = YES;
				CLANG_WARN_UNGUARDED_AVAILABILITY = YES_AGGRESSIVE;
				CLANG_WARN_UNREACHABLE_CODE = YES;
				CLANG_WARN__DUPLICATE_METHOD_MATCH = YES;
				COPY_PHASE_STRIP = NO;
				DEBUG_INFORMATION_FORMAT = dwarf;
				ENABLE_STRICT_OBJC_MSGSEND = YES;
				ENABLE_TESTABILITY = YES;
				GCC_C_LANGUAGE_STANDARD = gnu11;
				GCC_DYNAMIC_NO_PIC = NO;
				GCC_NO_COMMON_BLOCKS = YES;
				GCC_OPTIMIZATION_LEVEL = 0;
				GCC_PREPROCESSOR_DEFINITIONS = (
					"DEBUG=1",
					"$(inherited)",
				);
				GCC_WARN_64_TO_32_BIT_CONVERSION = YES;
				GCC_WARN_ABOUT_RETURN_TYPE = YES_ERROR;
				GCC_WARN_UNDECLARED_SELECTOR = YES;
				GCC_WARN_UNINITIALIZED_AUTOS = YES_AGGRESSIVE;
				GCC_WARN_UNUSED_FUNCTION = YES;
				GCC_WARN_UNUSED_VARIABLE = YES;
				IPHONEOS_DEPLOYMENT_TARGET = 13.4;
				MTL_ENABLE_DEBUG_INFO = INCLUDE_SOURCE;
				MTL_FAST_MATH = YES;
				ONLY_ACTIVE_ARCH = YES;
				SDKROOT = iphoneos;
			};
			name = Debug;
		};
		B11AD96A24587FDF004692FC /* Release */ = {
			isa = XCBuildConfiguration;
			buildSettings = {
				ALWAYS_SEARCH_USER_PATHS = NO;
				CLANG_ANALYZER_NONNULL = YES;
				CLANG_ANALYZER_NUMBER_OBJECT_CONVERSION = YES_AGGRESSIVE;
				CLANG_CXX_LANGUAGE_STANDARD = "gnu++14";
				CLANG_CXX_LIBRARY = "libc++";
				CLANG_ENABLE_MODULES = YES;
				CLANG_ENABLE_OBJC_ARC = YES;
				CLANG_ENABLE_OBJC_WEAK = YES;
				CLANG_WARN_BLOCK_CAPTURE_AUTORELEASING = YES;
				CLANG_WARN_BOOL_CONVERSION = YES;
				CLANG_WARN_COMMA = YES;
				CLANG_WARN_CONSTANT_CONVERSION = YES;
				CLANG_WARN_DEPRECATED_OBJC_IMPLEMENTATIONS = YES;
				CLANG_WARN_DIRECT_OBJC_ISA_USAGE = YES_ERROR;
				CLANG_WARN_DOCUMENTATION_COMMENTS = YES;
				CLANG_WARN_EMPTY_BODY = YES;
				CLANG_WARN_ENUM_CONVERSION = YES;
				CLANG_WARN_INFINITE_RECURSION = YES;
				CLANG_WARN_INT_CONVERSION = YES;
				CLANG_WARN_NON_LITERAL_NULL_CONVERSION = YES;
				CLANG_WARN_OBJC_IMPLICIT_RETAIN_SELF = YES;
				CLANG_WARN_OBJC_LITERAL_CONVERSION = YES;
				CLANG_WARN_OBJC_ROOT_CLASS = YES_ERROR;
				CLANG_WARN_RANGE_LOOP_ANALYSIS = YES;
				CLANG_WARN_STRICT_PROTOTYPES = YES;
				CLANG_WARN_SUSPICIOUS_MOVE = YES;
				CLANG_WARN_UNGUARDED_AVAILABILITY = YES_AGGRESSIVE;
				CLANG_WARN_UNREACHABLE_CODE = YES;
				CLANG_WARN__DUPLICATE_METHOD_MATCH = YES;
				COPY_PHASE_STRIP = NO;
				DEBUG_INFORMATION_FORMAT = "dwarf-with-dsym";
				ENABLE_NS_ASSERTIONS = NO;
				ENABLE_STRICT_OBJC_MSGSEND = YES;
				GCC_C_LANGUAGE_STANDARD = gnu11;
				GCC_NO_COMMON_BLOCKS = YES;
				GCC_WARN_64_TO_32_BIT_CONVERSION = YES;
				GCC_WARN_ABOUT_RETURN_TYPE = YES_ERROR;
				GCC_WARN_UNDECLARED_SELECTOR = YES;
				GCC_WARN_UNINITIALIZED_AUTOS = YES_AGGRESSIVE;
				GCC_WARN_UNUSED_FUNCTION = YES;
				GCC_WARN_UNUSED_VARIABLE = YES;
				IPHONEOS_DEPLOYMENT_TARGET = 13.4;
				MTL_ENABLE_DEBUG_INFO = NO;
				MTL_FAST_MATH = YES;
				SDKROOT = iphoneos;
				VALIDATE_PRODUCT = YES;
			};
			name = Release;
		};
		B11AD96C24587FDF004692FC /* Debug */ = {
			isa = XCBuildConfiguration;
			buildSettings = {
				ASSETCATALOG_COMPILER_APPICON_NAME = AppIcon;
				CODE_SIGN_STYLE = Automatic;
				DEVELOPMENT_TEAM = LW5266U92D;
				INFOPLIST_FILE = "RunLoop-线程保活/Info.plist";
				LD_RUNPATH_SEARCH_PATHS = (
					"$(inherited)",
					"@executable_path/Frameworks",
				);
				PRODUCT_BUNDLE_IDENTIFIER = "com.mob.RunLoop-----";
				PRODUCT_NAME = "$(TARGET_NAME)";
				TARGETED_DEVICE_FAMILY = "1,2";
			};
			name = Debug;
		};
		B11AD96D24587FDF004692FC /* Release */ = {
			isa = XCBuildConfiguration;
			buildSettings = {
				ASSETCATALOG_COMPILER_APPICON_NAME = AppIcon;
				CODE_SIGN_STYLE = Automatic;
				DEVELOPMENT_TEAM = LW5266U92D;
				INFOPLIST_FILE = "RunLoop-线程保活/Info.plist";
				LD_RUNPATH_SEARCH_PATHS = (
					"$(inherited)",
					"@executable_path/Frameworks",
				);
				PRODUCT_BUNDLE_IDENTIFIER = "com.mob.RunLoop-----";
				PRODUCT_NAME = "$(TARGET_NAME)";
				TARGETED_DEVICE_FAMILY = "1,2";
			};
			name = Release;
		};
/* End XCBuildConfiguration section */

/* Begin XCConfigurationList section */
		B11AD94D24587FDE004692FC /* Build configuration list for PBXProject "RunLoop-线程保活" */ = {
			isa = XCConfigurationList;
			buildConfigurations = (
				B11AD96924587FDF004692FC /* Debug */,
				B11AD96A24587FDF004692FC /* Release */,
			);
			defaultConfigurationIsVisible = 0;
			defaultConfigurationName = Release;
		};
		B11AD96B24587FDF004692FC /* Build configuration list for PBXNativeTarget "RunLoop-线程保活" */ = {
			isa = XCConfigurationList;
			buildConfigurations = (
				B11AD96C24587FDF004692FC /* Debug */,
				B11AD96D24587FDF004692FC /* Release */,
			);
			defaultConfigurationIsVisible = 0;
			defaultConfigurationName = Release;
		};
/* End XCConfigurationList section */
	};
	rootObject = B11AD94A24587FDE004692FC /* Project object */;
}
